// !$*UTF8*$!
{
	archiveVersion = 1;
	classes = {
	};
	objectVersion = 77;
	objects = {

/* Begin PBXBuildFile section */
		F00000000000000000000001 /* AppStoreGameApp.swift in Sources */ = {isa = PBXBuildFile; fileRef = A00000000000000000000001 /* AppStoreGameApp.swift */; };
		F00000000000000000000002 /* AppModel.swift in Sources */ = {isa = PBXBuildFile; fileRef = A00000000000000000000002 /* AppModel.swift */; };
		F00000000000000000000003 /* PersistenceService.swift in Sources */ = {isa = PBXBuildFile; fileRef = A00000000000000000000003 /* PersistenceService.swift */; };
		F00000000000000000000004 /* HapticService.swift in Sources */ = {isa = PBXBuildFile; fileRef = A00000000000000000000004 /* HapticService.swift */; };
		F00000000000000000000005 /* GameModels.swift in Sources */ = {isa = PBXBuildFile; fileRef = A00000000000000000000005 /* GameModels.swift */; };
		F00000000000000000000006 /* GameRules.swift in Sources */ = {isa = PBXBuildFile; fileRef = A00000000000000000000006 /* GameRules.swift */; };
		F00000000000000000000007 /* GameScene.swift in Sources */ = {isa = PBXBuildFile; fileRef = A00000000000000000000007 /* GameScene.swift */; };
		F00000000000000000000008 /* DesignSystem.swift in Sources */ = {isa = PBXBuildFile; fileRef = A00000000000000000000008 /* DesignSystem.swift */; };
		F00000000000000000000009 /* RootView.swift in Sources */ = {isa = PBXBuildFile; fileRef = A00000000000000000000009 /* RootView.swift */; };
		F0000000000000000000000A /* HomeView.swift in Sources */ = {isa = PBXBuildFile; fileRef = A0000000000000000000000A /* HomeView.swift */; };
		F0000000000000000000000B /* SettingsView.swift in Sources */ = {isa = PBXBuildFile; fileRef = A0000000000000000000000B /* SettingsView.swift */; };
		F0000000000000000000000C /* GameContainerView.swift in Sources */ = {isa = PBXBuildFile; fileRef = A0000000000000000000000C /* GameContainerView.swift */; };
		F0000000000000000000000D /* ResultView.swift in Sources */ = {isa = PBXBuildFile; fileRef = A0000000000000000000000D /* ResultView.swift */; };
		F0000000000000000000000E /* Assets.xcassets in Resources */ = {isa = PBXBuildFile; fileRef = A0000000000000000000000E /* Assets.xcassets */; };
		F0000000000000000000000F /* PrivacyInfo.xcprivacy in Resources */ = {isa = PBXBuildFile; fileRef = A0000000000000000000000F /* PrivacyInfo.xcprivacy */; };
		F00000000000000000000010 /* GameRulesTests.swift in Sources */ = {isa = PBXBuildFile; fileRef = A00000000000000000000011 /* GameRulesTests.swift */; };
		F00000000000000000000011 /* AppStoreGameUITests.swift in Sources */ = {isa = PBXBuildFile; fileRef = A00000000000000000000012 /* AppStoreGameUITests.swift */; };
		F00000000000000000000012 /* RewardedAdService.swift in Sources */ = {isa = PBXBuildFile; fileRef = A00000000000000000000016 /* RewardedAdService.swift */; };
		F00000000000000000000013 /* BrickBreakerDesignAdapter.swift in Sources */ = {isa = PBXBuildFile; fileRef = A00000000000000000000017 /* BrickBreakerDesignAdapter.swift */; };
		F00000000000000000000014 /* GameArtCatalog.swift in Sources */ = {isa = PBXBuildFile; fileRef = A00000000000000000000018 /* GameArtCatalog.swift */; };
		F00000000000000000000015 /* GameArtCatalogTests.swift in Sources */ = {isa = PBXBuildFile; fileRef = A00000000000000000000019 /* GameArtCatalogTests.swift */; };
		F00000000000000000000016 /* DescentModels.swift in Sources */ = {isa = PBXBuildFile; fileRef = A0000000000000000000001A /* DescentModels.swift */; };
		F00000000000000000000017 /* DescentRules.swift in Sources */ = {isa = PBXBuildFile; fileRef = A0000000000000000000001B /* DescentRules.swift */; };
		F00000000000000000000018 /* DescentArtCatalog.swift in Sources */ = {isa = PBXBuildFile; fileRef = A0000000000000000000001C /* DescentArtCatalog.swift */; };
		F00000000000000000000019 /* DescentGameScene.swift in Sources */ = {isa = PBXBuildFile; fileRef = A0000000000000000000001D /* DescentGameScene.swift */; };
		F0000000000000000000001A /* DescentGameContainerView.swift in Sources */ = {isa = PBXBuildFile; fileRef = A0000000000000000000001E /* DescentGameContainerView.swift */; };
		F0000000000000000000001B /* DescentRulesTests.swift in Sources */ = {isa = PBXBuildFile; fileRef = A0000000000000000000001F /* DescentRulesTests.swift */; };
		F0000000000000000000001C /* DescentResearchAnalytics.swift in Sources */ = {isa = PBXBuildFile; fileRef = A00000000000000000000020 /* DescentResearchAnalytics.swift */; };
		F0000000000000000000001D /* LocalResearchEventStore.swift in Sources */ = {isa = PBXBuildFile; fileRef = A00000000000000000000021 /* LocalResearchEventStore.swift */; };
		F0000000000000000000001E /* DescentResearchAnalyticsTests.swift in Sources */ = {isa = PBXBuildFile; fileRef = A00000000000000000000022 /* DescentResearchAnalyticsTests.swift */; };
		F0000000000000000000001F /* DescentResearchReport.swift in Sources */ = {isa = PBXBuildFile; fileRef = A00000000000000000000023 /* DescentResearchReport.swift */; };
		F00000000000000000000020 /* DescentResearchConsoleView.swift in Sources */ = {isa = PBXBuildFile; fileRef = A00000000000000000000024 /* DescentResearchConsoleView.swift */; };
		F00000000000000000000021 /* DescentResearchReportTests.swift in Sources */ = {isa = PBXBuildFile; fileRef = A00000000000000000000025 /* DescentResearchReportTests.swift */; };
/* End PBXBuildFile section */

/* Begin PBXContainerItemProxy section */
		C00000000000000000000001 /* PBXContainerItemProxy */ = {
			isa = PBXContainerItemProxy;
			containerPortal = 100000000000000000000001 /* Project object */;
			proxyType = 1;
			remoteGlobalIDString = 200000000000000000000001;
			remoteInfo = AppStoreGame;
		};
		C00000000000000000000002 /* PBXContainerItemProxy */ = {
			isa = PBXContainerItemProxy;
			containerPortal = 100000000000000000000001 /* Project object */;
			proxyType = 1;
			remoteGlobalIDString = 200000000000000000000001;
			remoteInfo = AppStoreGame;
		};
/* End PBXContainerItemProxy section */

/* Begin PBXFileReference section */
		A00000000000000000000001 /* AppStoreGameApp.swift */ = {isa = PBXFileReference; lastKnownFileType = sourcecode.swift; path = AppStoreGameApp.swift; sourceTree = "<group>"; };
		A00000000000000000000002 /* AppModel.swift */ = {isa = PBXFileReference; lastKnownFileType = sourcecode.swift; path = AppModel.swift; sourceTree = "<group>"; };
		A00000000000000000000003 /* PersistenceService.swift */ = {isa = PBXFileReference; lastKnownFileType = sourcecode.swift; path = PersistenceService.swift; sourceTree = "<group>"; };
		A00000000000000000000004 /* HapticService.swift */ = {isa = PBXFileReference; lastKnownFileType = sourcecode.swift; path = HapticService.swift; sourceTree = "<group>"; };
		A00000000000000000000005 /* GameModels.swift */ = {isa = PBXFileReference; lastKnownFileType = sourcecode.swift; path = GameModels.swift; sourceTree = "<group>"; };
		A00000000000000000000006 /* GameRules.swift */ = {isa = PBXFileReference; lastKnownFileType = sourcecode.swift; path = GameRules.swift; sourceTree = "<group>"; };
		A00000000000000000000007 /* GameScene.swift */ = {isa = PBXFileReference; lastKnownFileType = sourcecode.swift; path = GameScene.swift; sourceTree = "<group>"; };
		A00000000000000000000008 /* DesignSystem.swift */ = {isa = PBXFileReference; lastKnownFileType = sourcecode.swift; path = DesignSystem.swift; sourceTree = "<group>"; };
		A00000000000000000000009 /* RootView.swift */ = {isa = PBXFileReference; lastKnownFileType = sourcecode.swift; path = RootView.swift; sourceTree = "<group>"; };
		A0000000000000000000000A /* HomeView.swift */ = {isa = PBXFileReference; lastKnownFileType = sourcecode.swift; path = HomeView.swift; sourceTree = "<group>"; };
		A0000000000000000000000B /* SettingsView.swift */ = {isa = PBXFileReference; lastKnownFileType = sourcecode.swift; path = SettingsView.swift; sourceTree = "<group>"; };
		A0000000000000000000000C /* GameContainerView.swift */ = {isa = PBXFileReference; lastKnownFileType = sourcecode.swift; path = GameContainerView.swift; sourceTree = "<group>"; };
		A0000000000000000000000D /* ResultView.swift */ = {isa = PBXFileReference; lastKnownFileType = sourcecode.swift; path = ResultView.swift; sourceTree = "<group>"; };
		A0000000000000000000000E /* Assets.xcassets */ = {isa = PBXFileReference; lastKnownFileType = folder.assetcatalog; path = Assets.xcassets; sourceTree = "<group>"; };
		A0000000000000000000000F /* PrivacyInfo.xcprivacy */ = {isa = PBXFileReference; lastKnownFileType = text.xml; path = PrivacyInfo.xcprivacy; sourceTree = "<group>"; };
		A00000000000000000000010 /* Info.plist */ = {isa = PBXFileReference; lastKnownFileType = text.plist.xml; path = Info.plist; sourceTree = "<group>"; };
		A00000000000000000000011 /* GameRulesTests.swift */ = {isa = PBXFileReference; lastKnownFileType = sourcecode.swift; path = GameRulesTests.swift; sourceTree = "<group>"; };
		A00000000000000000000012 /* AppStoreGameUITests.swift */ = {isa = PBXFileReference; lastKnownFileType = sourcecode.swift; path = AppStoreGameUITests.swift; sourceTree = "<group>"; };
		A00000000000000000000013 /* AppStoreGame.app */ = {isa = PBXFileReference; explicitFileType = wrapper.application; includeInIndex = 0; path = AppStoreGame.app; sourceTree = BUILT_PRODUCTS_DIR; };
		A00000000000000000000014 /* AppStoreGameTests.xctest */ = {isa = PBXFileReference; explicitFileType = wrapper.cfbundle; includeInIndex = 0; path = AppStoreGameTests.xctest; sourceTree = BUILT_PRODUCTS_DIR; };
		A00000000000000000000015 /* AppStoreGameUITests.xctest */ = {isa = PBXFileReference; explicitFileType = wrapper.cfbundle; includeInIndex = 0; path = AppStoreGameUITests.xctest; sourceTree = BUILT_PRODUCTS_DIR; };
		A00000000000000000000016 /* RewardedAdService.swift */ = {isa = PBXFileReference; lastKnownFileType = sourcecode.swift; path = RewardedAdService.swift; sourceTree = "<group>"; };
		A00000000000000000000017 /* BrickBreakerDesignAdapter.swift */ = {isa = PBXFileReference; lastKnownFileType = sourcecode.swift; path = BrickBreakerDesignAdapter.swift; sourceTree = "<group>"; };
		A00000000000000000000018 /* GameArtCatalog.swift */ = {isa = PBXFileReference; lastKnownFileType = sourcecode.swift; path = GameArtCatalog.swift; sourceTree = "<group>"; };
		A00000000000000000000019 /* GameArtCatalogTests.swift */ = {isa = PBXFileReference; lastKnownFileType = sourcecode.swift; path = GameArtCatalogTests.swift; sourceTree = "<group>"; };
		A0000000000000000000001A /* DescentModels.swift */ = {isa = PBXFileReference; lastKnownFileType = sourcecode.swift; path = DescentModels.swift; sourceTree = "<group>"; };
		A0000000000000000000001B /* DescentRules.swift */ = {isa = PBXFileReference; lastKnownFileType = sourcecode.swift; path = DescentRules.swift; sourceTree = "<group>"; };
		A0000000000000000000001C /* DescentArtCatalog.swift */ = {isa = PBXFileReference; lastKnownFileType = sourcecode.swift; path = DescentArtCatalog.swift; sourceTree = "<group>"; };
		A0000000000000000000001D /* DescentGameScene.swift */ = {isa = PBXFileReference; lastKnownFileType = sourcecode.swift; path = DescentGameScene.swift; sourceTree = "<group>"; };
		A0000000000000000000001E /* DescentGameContainerView.swift */ = {isa = PBXFileReference; lastKnownFileType = sourcecode.swift; path = DescentGameContainerView.swift; sourceTree = "<group>"; };
		A0000000000000000000001F /* DescentRulesTests.swift */ = {isa = PBXFileReference; lastKnownFileType = sourcecode.swift; path = DescentRulesTests.swift; sourceTree = "<group>"; };
		A00000000000000000000020 /* DescentResearchAnalytics.swift */ = {isa = PBXFileReference; lastKnownFileType = sourcecode.swift; path = DescentResearchAnalytics.swift; sourceTree = "<group>"; };
		A00000000000000000000021 /* LocalResearchEventStore.swift */ = {isa = PBXFileReference; lastKnownFileType = sourcecode.swift; path = LocalResearchEventStore.swift; sourceTree = "<group>"; };
		A00000000000000000000022 /* DescentResearchAnalyticsTests.swift */ = {isa = PBXFileReference; lastKnownFileType = sourcecode.swift; path = DescentResearchAnalyticsTests.swift; sourceTree = "<group>"; };
		A00000000000000000000023 /* DescentResearchReport.swift */ = {isa = PBXFileReference; lastKnownFileType = sourcecode.swift; path = DescentResearchReport.swift; sourceTree = "<group>"; };
		A00000000000000000000024 /* DescentResearchConsoleView.swift */ = {isa = PBXFileReference; lastKnownFileType = sourcecode.swift; path = DescentResearchConsoleView.swift; sourceTree = "<group>"; };
		A00000000000000000000025 /* DescentResearchReportTests.swift */ = {isa = PBXFileReference; lastKnownFileType = sourcecode.swift; path = DescentResearchReportTests.swift; sourceTree = "<group>"; };
/* End PBXFileReference section */

/* Begin PBXFrameworksBuildPhase section */
		300000000000000000000001 /* Frameworks */ = {isa = PBXFrameworksBuildPhase; buildActionMask = 2147483647; files = (); runOnlyForDeploymentPostprocessing = 0; };
		300000000000000000000002 /* Frameworks */ = {isa = PBXFrameworksBuildPhase; buildActionMask = 2147483647; files = (); runOnlyForDeploymentPostprocessing = 0; };
		300000000000000000000003 /* Frameworks */ = {isa = PBXFrameworksBuildPhase; buildActionMask = 2147483647; files = (); runOnlyForDeploymentPostprocessing = 0; };
/* End PBXFrameworksBuildPhase section */

/* Begin PBXGroup section */
		400000000000000000000001 = {
			isa = PBXGroup;
			children = (
				400000000000000000000002 /* AppStoreGame */,
				400000000000000000000008 /* AppStoreGameTests */,
				400000000000000000000009 /* AppStoreGameUITests */,
				40000000000000000000000A /* Products */,
			);
			sourceTree = "<group>";
		};
		400000000000000000000002 /* AppStoreGame */ = {
			isa = PBXGroup;
			children = (
				400000000000000000000003 /* App */,
				40000000000000000000000B /* Analytics */,
				400000000000000000000004 /* Core */,
				400000000000000000000005 /* Game */,
				400000000000000000000006 /* Views */,
				400000000000000000000007 /* Resources */,
				A00000000000000000000010 /* Info.plist */,
			);
			path = AppStoreGame;
			sourceTree = "<group>";
		};
		400000000000000000000003 /* App */ = {isa = PBXGroup; children = (A00000000000000000000001, A00000000000000000000002); path = App; sourceTree = "<group>"; };
		40000000000000000000000B /* Analytics */ = {isa = PBXGroup; children = (A00000000000000000000020, A00000000000000000000021, A00000000000000000000023); path = Analytics; sourceTree = "<group>"; };
		400000000000000000000004 /* Core */ = {isa = PBXGroup; children = (A00000000000000000000003, A00000000000000000000004, A00000000000000000000016); path = Core; sourceTree = "<group>"; };
		400000000000000000000005 /* Game */ = {isa = PBXGroup; children = (A00000000000000000000005, A00000000000000000000006, A00000000000000000000007, A00000000000000000000018, A0000000000000000000001A, A0000000000000000000001B, A0000000000000000000001C, A0000000000000000000001D); path = Game; sourceTree = "<group>"; };
		400000000000000000000006 /* Views */ = {isa = PBXGroup; children = (A00000000000000000000008, A00000000000000000000017, A00000000000000000000009, A0000000000000000000000A, A0000000000000000000000B, A0000000000000000000000C, A0000000000000000000000D, A0000000000000000000001E, A00000000000000000000024); path = Views; sourceTree = "<group>"; };
		400000000000000000000007 /* Resources */ = {isa = PBXGroup; children = (A0000000000000000000000E, A0000000000000000000000F); path = Resources; sourceTree = "<group>"; };
		400000000000000000000008 /* AppStoreGameTests */ = {isa = PBXGroup; children = (A00000000000000000000011, A00000000000000000000019, A0000000000000000000001F, A00000000000000000000022, A00000000000000000000025); path = AppStoreGameTests; sourceTree = "<group>"; };
		400000000000000000000009 /* AppStoreGameUITests */ = {isa = PBXGroup; children = (A00000000000000000000012); path = AppStoreGameUITests; sourceTree = "<group>"; };
		40000000000000000000000A /* Products */ = {isa = PBXGroup; children = (A00000000000000000000013, A00000000000000000000014, A00000000000000000000015); name = Products; sourceTree = "<group>"; };
/* End PBXGroup section */

/* Begin PBXNativeTarget section */
		200000000000000000000001 /* AppStoreGame */ = {
			isa = PBXNativeTarget;
			buildConfigurationList = 900000000000000000000002 /* Build configuration list for PBXNativeTarget "AppStoreGame" */;
			buildPhases = (500000000000000000000001, 300000000000000000000001, 600000000000000000000001);
			buildRules = ();
			dependencies = ();
			name = AppStoreGame;
			productName = AppStoreGame;
			productReference = A00000000000000000000013 /* AppStoreGame.app */;
			productType = "com.apple.product-type.application";
		};
		200000000000000000000002 /* AppStoreGameTests */ = {
			isa = PBXNativeTarget;
			buildConfigurationList = 900000000000000000000003 /* Build configuration list for PBXNativeTarget "AppStoreGameTests" */;
			buildPhases = (500000000000000000000002, 300000000000000000000002, 600000000000000000000002);
			buildRules = ();
			dependencies = (800000000000000000000001 /* PBXTargetDependency */);
			name = AppStoreGameTests;
			productName = AppStoreGameTests;
			productReference = A00000000000000000000014 /* AppStoreGameTests.xctest */;
			productType = "com.apple.product-type.bundle.unit-test";
		};
		200000000000000000000003 /* AppStoreGameUITests */ = {
			isa = PBXNativeTarget;
			buildConfigurationList = 900000000000000000000004 /* Build configuration list for PBXNativeTarget "AppStoreGameUITests" */;
			buildPhases = (500000000000000000000003, 300000000000000000000003, 600000000000000000000003);
			buildRules = ();
			dependencies = (800000000000000000000002 /* PBXTargetDependency */);
			name = AppStoreGameUITests;
			productName = AppStoreGameUITests;
			productReference = A00000000000000000000015 /* AppStoreGameUITests.xctest */;
			productType = "com.apple.product-type.bundle.ui-testing";
		};
/* End PBXNativeTarget section */

/* Begin PBXProject section */
		100000000000000000000001 /* Project object */ = {
			isa = PBXProject;
			attributes = {
				BuildIndependentTargetsInParallel = 1;
				LastSwiftUpdateCheck = 2660;
				LastUpgradeCheck = 2660;
				TargetAttributes = {
					200000000000000000000001 = {CreatedOnToolsVersion = 26.6; };
					200000000000000000000002 = {CreatedOnToolsVersion = 26.6; TestTargetID = 200000000000000000000001; };
					200000000000000000000003 = {CreatedOnToolsVersion = 26.6; TestTargetID = 200000000000000000000001; };
				};
			};
			buildConfigurationList = 900000000000000000000001 /* Build configuration list for PBXProject "AppStoreGame" */;
			compatibilityVersion = "Xcode 16.0";
			developmentRegion = ko;
			hasScannedForEncodings = 0;
			knownRegions = (ko, en, Base);
			mainGroup = 400000000000000000000001;
			productRefGroup = 40000000000000000000000A /* Products */;
			projectDirPath = "";
			projectRoot = "";
			targets = (200000000000000000000001, 200000000000000000000002, 200000000000000000000003);
		};
/* End PBXProject section */

/* Begin PBXResourcesBuildPhase section */
		600000000000000000000001 /* Resources */ = {isa = PBXResourcesBuildPhase; buildActionMask = 2147483647; files = (F0000000000000000000000E, F0000000000000000000000F); runOnlyForDeploymentPostprocessing = 0; };
		600000000000000000000002 /* Resources */ = {isa = PBXResourcesBuildPhase; buildActionMask = 2147483647; files = (); runOnlyForDeploymentPostprocessing = 0; };
		600000000000000000000003 /* Resources */ = {isa = PBXResourcesBuildPhase; buildActionMask = 2147483647; files = (); runOnlyForDeploymentPostprocessing = 0; };
/* End PBXResourcesBuildPhase section */

/* Begin PBXSourcesBuildPhase section */
		500000000000000000000001 /* Sources */ = {
			isa = PBXSourcesBuildPhase;
			buildActionMask = 2147483647;
			files = (F00000000000000000000001, F00000000000000000000002, F0000000000000000000001C, F0000000000000000000001D, F0000000000000000000001F, F00000000000000000000003, F00000000000000000000004, F00000000000000000000012, F00000000000000000000005, F00000000000000000000006, F00000000000000000000007, F00000000000000000000014, F00000000000000000000016, F00000000000000000000017, F00000000000000000000018, F00000000000000000000019, F00000000000000000000008, F00000000000000000000013, F00000000000000000000009, F0000000000000000000000A, F0000000000000000000000B, F0000000000000000000000C, F0000000000000000000000D, F0000000000000000000001A, F00000000000000000000020);
			runOnlyForDeploymentPostprocessing = 0;
		};
		500000000000000000000002 /* Sources */ = {isa = PBXSourcesBuildPhase; buildActionMask = 2147483647; files = (F00000000000000000000010, F00000000000000000000015, F0000000000000000000001B, F0000000000000000000001E, F00000000000000000000021); runOnlyForDeploymentPostprocessing = 0; };
		500000000000000000000003 /* Sources */ = {isa = PBXSourcesBuildPhase; buildActionMask = 2147483647; files = (F00000000000000000000011); runOnlyForDeploymentPostprocessing = 0; };
/* End PBXSourcesBuildPhase section */

/* Begin PBXTargetDependency section */
		800000000000000000000001 /* PBXTargetDependency */ = {isa = PBXTargetDependency; target = 200000000000000000000001 /* AppStoreGame */; targetProxy = C00000000000000000000001; };
		800000000000000000000002 /* PBXTargetDependency */ = {isa = PBXTargetDependency; target = 200000000000000000000001 /* AppStoreGame */; targetProxy = C00000000000000000000002; };
/* End PBXTargetDependency section */

/* Begin XCBuildConfiguration section */
		B00000000000000000000001 /* Debug */ = {isa = XCBuildConfiguration; buildSettings = {ALWAYS_SEARCH_USER_PATHS = NO; CLANG_ENABLE_MODULES = YES; CLANG_ENABLE_OBJC_ARC = YES; COPY_PHASE_STRIP = NO; DEBUG_INFORMATION_FORMAT = dwarf; ENABLE_TESTABILITY = YES; GCC_C_LANGUAGE_STANDARD = gnu17; GCC_OPTIMIZATION_LEVEL = 0; ONLY_ACTIVE_ARCH = YES; SDKROOT = iphoneos; SWIFT_ACTIVE_COMPILATION_CONDITIONS = "DEBUG $(inherited)"; SWIFT_OPTIMIZATION_LEVEL = "-Onone"; }; name = Debug; };
		B00000000000000000000002 /* Release */ = {isa = XCBuildConfiguration; buildSettings = {ALWAYS_SEARCH_USER_PATHS = NO; CLANG_ENABLE_MODULES = YES; CLANG_ENABLE_OBJC_ARC = YES; COPY_PHASE_STRIP = NO; DEBUG_INFORMATION_FORMAT = "dwarf-with-dsym"; ENABLE_NS_ASSERTIONS = NO; GCC_C_LANGUAGE_STANDARD = gnu17; SDKROOT = iphoneos; SWIFT_COMPILATION_MODE = wholemodule; VALIDATE_PRODUCT = YES; }; name = Release; };
		B00000000000000000000003 /* Debug */ = {isa = XCBuildConfiguration; buildSettings = {ASSETCATALOG_COMPILER_APPICON_NAME = AppIcon; ASSETCATALOG_COMPILER_GLOBAL_ACCENT_COLOR_NAME = AccentColor; CODE_SIGN_STYLE = Automatic; CURRENT_PROJECT_VERSION = 1; DEVELOPMENT_TEAM = ""; GENERATE_INFOPLIST_FILE = NO; INFOPLIST_FILE = AppStoreGame/Info.plist; IPHONEOS_DEPLOYMENT_TARGET = 17.0; MARKETING_VERSION = 0.1.0; PRODUCT_BUNDLE_IDENTIFIER = com.keestory.returnshot; PRODUCT_NAME = "$(TARGET_NAME)"; SUPPORTED_PLATFORMS = "iphoneos iphonesimulator"; SUPPORTS_MACCATALYST = NO; SWIFT_DEFAULT_ACTOR_ISOLATION = MainActor; SWIFT_STRICT_CONCURRENCY = complete; SWIFT_VERSION = 6.0; TARGETED_DEVICE_FAMILY = 1; }; name = Debug; };
		B00000000000000000000004 /* Release */ = {isa = XCBuildConfiguration; buildSettings = {ASSETCATALOG_COMPILER_APPICON_NAME = AppIcon; ASSETCATALOG_COMPILER_GLOBAL_ACCENT_COLOR_NAME = AccentColor; CODE_SIGN_STYLE = Automatic; CURRENT_PROJECT_VERSION = 1; DEVELOPMENT_TEAM = ""; GENERATE_INFOPLIST_FILE = NO; INFOPLIST_FILE = AppStoreGame/Info.plist; IPHONEOS_DEPLOYMENT_TARGET = 17.0; MARKETING_VERSION = 0.1.0; PRODUCT_BUNDLE_IDENTIFIER = com.keestory.returnshot; PRODUCT_NAME = "$(TARGET_NAME)"; SUPPORTED_PLATFORMS = "iphoneos iphonesimulator"; SUPPORTS_MACCATALYST = NO; SWIFT_DEFAULT_ACTOR_ISOLATION = MainActor; SWIFT_STRICT_CONCURRENCY = complete; SWIFT_VERSION = 6.0; TARGETED_DEVICE_FAMILY = 1; }; name = Release; };
		B00000000000000000000005 /* Debug */ = {isa = XCBuildConfiguration; buildSettings = {BUNDLE_LOADER = "$(TEST_HOST)"; CODE_SIGN_STYLE = Automatic; GENERATE_INFOPLIST_FILE = YES; IPHONEOS_DEPLOYMENT_TARGET = 17.0; PRODUCT_BUNDLE_IDENTIFIER = com.keestory.returnshot.tests; PRODUCT_NAME = "$(TARGET_NAME)"; SWIFT_STRICT_CONCURRENCY = complete; SWIFT_VERSION = 6.0; TARGETED_DEVICE_FAMILY = 1; TEST_HOST = "$(BUILT_PRODUCTS_DIR)/AppStoreGame.app/$(BUNDLE_EXECUTABLE_FOLDER_PATH)/AppStoreGame"; }; name = Debug; };
		B00000000000000000000006 /* Release */ = {isa = XCBuildConfiguration; buildSettings = {BUNDLE_LOADER = "$(TEST_HOST)"; CODE_SIGN_STYLE = Automatic; GENERATE_INFOPLIST_FILE = YES; IPHONEOS_DEPLOYMENT_TARGET = 17.0; PRODUCT_BUNDLE_IDENTIFIER = com.keestory.returnshot.tests; PRODUCT_NAME = "$(TARGET_NAME)"; SWIFT_STRICT_CONCURRENCY = complete; SWIFT_VERSION = 6.0; TARGETED_DEVICE_FAMILY = 1; TEST_HOST = "$(BUILT_PRODUCTS_DIR)/AppStoreGame.app/$(BUNDLE_EXECUTABLE_FOLDER_PATH)/AppStoreGame"; }; name = Release; };
		B00000000000000000000007 /* Debug */ = {isa = XCBuildConfiguration; buildSettings = {CODE_SIGN_STYLE = Automatic; GENERATE_INFOPLIST_FILE = YES; IPHONEOS_DEPLOYMENT_TARGET = 17.0; PRODUCT_BUNDLE_IDENTIFIER = com.keestory.returnshot.uitests; PRODUCT_NAME = "$(TARGET_NAME)"; SWIFT_STRICT_CONCURRENCY = complete; SWIFT_VERSION = 6.0; TARGETED_DEVICE_FAMILY = 1; TEST_TARGET_NAME = AppStoreGame; }; name = Debug; };
		B00000000000000000000008 /* Release */ = {isa = XCBuildConfiguration; buildSettings = {CODE_SIGN_STYLE = Automatic; GENERATE_INFOPLIST_FILE = YES; IPHONEOS_DEPLOYMENT_TARGET = 17.0; PRODUCT_BUNDLE_IDENTIFIER = com.keestory.returnshot.uitests; PRODUCT_NAME = "$(TARGET_NAME)"; SWIFT_STRICT_CONCURRENCY = complete; SWIFT_VERSION = 6.0; TARGETED_DEVICE_FAMILY = 1; TEST_TARGET_NAME = AppStoreGame; }; name = Release; };
/* End XCBuildConfiguration section */

/* Begin XCConfigurationList section */
		900000000000000000000001 /* Build configuration list for PBXProject "AppStoreGame" */ = {isa = XCConfigurationList; buildConfigurations = (B00000000000000000000001, B00000000000000000000002); defaultConfigurationIsVisible = 0; defaultConfigurationName = Release; };
		900000000000000000000002 /* Build configuration list for PBXNativeTarget "AppStoreGame" */ = {isa = XCConfigurationList; buildConfigurations = (B00000000000000000000003, B00000000000000000000004); defaultConfigurationIsVisible = 0; defaultConfigurationName = Release; };
		900000000000000000000003 /* Build configuration list for PBXNativeTarget "AppStoreGameTests" */ = {isa = XCConfigurationList; buildConfigurations = (B00000000000000000000005, B00000000000000000000006); defaultConfigurationIsVisible = 0; defaultConfigurationName = Release; };
		900000000000000000000004 /* Build configuration list for PBXNativeTarget "AppStoreGameUITests" */ = {isa = XCConfigurationList; buildConfigurations = (B00000000000000000000007, B00000000000000000000008); defaultConfigurationIsVisible = 0; defaultConfigurationName = Release; };
/* End XCConfigurationList section */
	};
	rootObject = 100000000000000000000001 /* Project object */;
}
